Microsoft Visual Studio Solution File, Format Version 12.00
# Visual Studio Version 17
VisualStudioVersion = 17.10.34928.147
MinimumVisualStudioVersion = 10.0.40219.1
Project("{2150E333-8FDC-42A3-9474-1A3956D46DE8}") = "Solution Items", "Solution Items", "{AA5FFC1C-C154-4476-9245-54928597FD85}"
EndProject
Project("{9A19103F-16F7-4668-BE54-9A1E7A4F7556}") = "RobotApp", "RobotApp\RobotApp.csproj", "{B6C5C7A9-A9F1-4B71-B7AD-46C7E768FA08}"
EndProject
Project("{9A19103F-16F7-4668-BE54-9A1E7A4F7556}") = "DummyApp", "DummyApp\DummyApp.csproj", "{75ECE137-B920-41CD-AFB0-6A0691B9316C}"
EndProject
Project("{FAE04EC0-301F-11D3-BF4B-00C04F79EFBC}") = "CommonLibrary", "CommonLibrary\CommonLibrary.csproj", "{E8123017-8AF8-4315-98E0-6D01BCE0AEC8}"
EndProject
Project("{FAE04EC0-301F-11D3-BF4B-00C04F79EFBC}") = "LxLibrary", "LxLibrary\LxLibrary.csproj", "{A95E1749-9157-6EE3-6ADC-F755D22E84E8}"
EndProject
Global
	GlobalSection(SolutionConfigurationPlatforms) = preSolution
		Debug|Any CPU = Debug|Any CPU
		Release|Any CPU = Release|Any CPU
	EndGlobalSection
	GlobalSection(ProjectConfigurationPlatforms) = postSolution
		{B6C5C7A9-A9F1-4B71-B7AD-46C7E768FA08}.Debug|Any CPU.ActiveCfg = Debug|Any CPU
		{B6C5C7A9-A9F1-4B71-B7AD-46C7E768FA08}.Debug|Any CPU.Build.0 = Debug|Any CPU
		{B6C5C7A9-A9F1-4B71-B7AD-46C7E768FA08}.Release|Any CPU.ActiveCfg = Release|Any CPU
		{B6C5C7A9-A9F1-4B71-B7AD-46C7E768FA08}.Release|Any CPU.Build.0 = Release|Any CPU
		{75ECE137-B920-41CD-AFB0-6A0691B9316C}.Debug|Any CPU.ActiveCfg = Debug|Any CPU
		{75ECE137-B920-41CD-AFB0-6A0691B9316C}.Debug|Any CPU.Build.0 = Debug|Any CPU
		{75ECE137-B920-41CD-AFB0-6A0691B9316C}.Release|Any CPU.ActiveCfg = Release|Any CPU
		{75ECE137-B920-41CD-AFB0-6A0691B9316C}.Release|Any CPU.Build.0 = Release|Any CPU
		{E8123017-8AF8-4315-98E0-6D01BCE0AEC8}.Debug|Any CPU.ActiveCfg = Debug|Any CPU
		{E8123017-8AF8-4315-98E0-6D01BCE0AEC8}.Debug|Any CPU.Build.0 = Debug|Any CPU
		{E8123017-8AF8-4315-98E0-6D01BCE0AEC8}.Release|Any CPU.ActiveCfg = Release|Any CPU
		{E8123017-8AF8-4315-98E0-6D01BCE0AEC8}.Release|Any CPU.Build.0 = Release|Any CPU
		{A95E1749-9157-6EE3-6ADC-F755D22E84E8}.Debug|Any CPU.ActiveCfg = Debug|Any CPU
		{A95E1749-9157-6EE3-6ADC-F755D22E84E8}.Debug|Any CPU.Build.0 = Debug|Any CPU
		{A95E1749-9157-6EE3-6ADC-F755D22E84E8}.Release|Any CPU.ActiveCfg = Release|Any CPU
		{A95E1749-9157-6EE3-6ADC-F755D22E84E8}.Release|Any CPU.Build.0 = Release|Any CPU
	EndGlobalSection
	GlobalSection(SolutionProperties) = preSolution
		HideSolutionNode = FALSE
	EndGlobalSection
	GlobalSection(ExtensibilityGlobals) = postSolution
		SolutionGuid = {8D09EF20-B03A-41CF-83DE-408CBF746969}
	EndGlobalSection
EndGlobal
